// !$*UTF8*$!
{
	archiveVersion = 1;
	classes = {
	};
	objectVersion = 51;
	objects = {

/* Begin PBXBuildFile section */
		2D5C705D555EB41805C76ED7 /* Pods_FitnessWallet.framework in Frameworks */ = {isa = PBXBuildFile; fileRef = 37563A5AC319DC9CBBE38087 /* Pods_FitnessWallet.framework */; };
		2E540DDD25A8686300277BB8 /* ResetPasswordController.swift in Sources */ = {isa = PBXBuildFile; fileRef = 2E540DDC25A8686200277BB8 /* ResetPasswordController.swift */; };
		2E540DE025A8689400277BB8 /* ResetPasswordViewModel.swift in Sources */ = {isa = PBXBuildFile; fileRef = 2E540DDF25A8689400277BB8 /* ResetPasswordViewModel.swift */; };
		2E540DE425A9DC1B00277BB8 /* InformationAlertControllerViewModel.swift in Sources */ = {isa = PBXBuildFile; fileRef = 2E540DE325A9DC1900277BB8 /* InformationAlertControllerViewModel.swift */; };
		2E540DE825A9E6B000277BB8 /* InformationAlertController.swift in Sources */ = {isa = PBXBuildFile; fileRef = 2E540DE725A9E6B000277BB8 /* InformationAlertController.swift */; };
		2E540DEC25AAF55A00277BB8 /* LoginInformationAlert.swift in Sources */ = {isa = PBXBuildFile; fileRef = 2E540DEB25AAF55A00277BB8 /* LoginInformationAlert.swift */; };
		2E540DF125AAF98500277BB8 /* CustomImageAlert.swift in Sources */ = {isa = PBXBuildFile; fileRef = 2E540DF025AAF98500277BB8 /* CustomImageAlert.swift */; };
		2E540DF625AAFC8600277BB8 /* BorderLayer.swift in Sources */ = {isa = PBXBuildFile; fileRef = 2E540DF525AAFC8600277BB8 /* BorderLayer.swift */; };
		2E540DF925AAFCDA00277BB8 /* BorderLayerDelegate.swift in Sources */ = {isa = PBXBuildFile; fileRef = 2E540DF825AAFCDA00277BB8 /* BorderLayerDelegate.swift */; };
		2E540DFD25AAFE8F00277BB8 /* NumberLabelDescriptionView.swift in Sources */ = {isa = PBXBuildFile; fileRef = 2E540DFC25AAFE8F00277BB8 /* NumberLabelDescriptionView.swift */; };
		2E540E0125AB0ABA00277BB8 /* ConfirmationAlert.swift in Sources */ = {isa = PBXBuildFile; fileRef = 2E540E0025AB0ABA00277BB8 /* ConfirmationAlert.swift */; };
		2E540E0525AB119400277BB8 /* AlertServices.swift in Sources */ = {isa = PBXBuildFile; fileRef = 2E540E0425AB119400277BB8 /* AlertServices.swift */; };
		2E540E0825AB184800277BB8 /* Exercise.swift in Sources */ = {isa = PBXBuildFile; fileRef = 2E540E0725AB184800277BB8 /* Exercise.swift */; };
		2E540E0B25AB18CC00277BB8 /* Customer.swift in Sources */ = {isa = PBXBuildFile; fileRef = 2E540E0A25AB18CB00277BB8 /* Customer.swift */; };
		2E540E0E25AB19AC00277BB8 /* Section.swift in Sources */ = {isa = PBXBuildFile; fileRef = 2E540E0D25AB19AC00277BB8 /* Section.swift */; };
		2E540E1225AB1A0800277BB8 /* DataItem.swift in Sources */ = {isa = PBXBuildFile; fileRef = 2E540E1125AB1A0800277BB8 /* DataItem.swift */; };
		2E540E1525AB1A6300277BB8 /* Remaining.swift in Sources */ = {isa = PBXBuildFile; fileRef = 2E540E1425AB1A6300277BB8 /* Remaining.swift */; };
		2E540E1925AC6CE800277BB8 /* CustomersCell.swift in Sources */ = {isa = PBXBuildFile; fileRef = 2E540E1825AC6CE800277BB8 /* CustomersCell.swift */; };
		2E540E1C25AC722B00277BB8 /* RemainingCell.swift in Sources */ = {isa = PBXBuildFile; fileRef = 2E540E1B25AC722A00277BB8 /* RemainingCell.swift */; };
		2E540E2225AC841900277BB8 /* AddClientController.swift in Sources */ = {isa = PBXBuildFile; fileRef = 2E540E2125AC841800277BB8 /* AddClientController.swift */; };
		2E540E2625AC847D00277BB8 /* AddClientViewModel.swift in Sources */ = {isa = PBXBuildFile; fileRef = 2E540E2525AC847D00277BB8 /* AddClientViewModel.swift */; };
		2E540E2A25AC8D1400277BB8 /* InputTextView.swift in Sources */ = {isa = PBXBuildFile; fileRef = 2E540E2925AC8D1400277BB8 /* InputTextView.swift */; };
		2E540E2E25AF5A3A00277BB8 /* ImageUploader.swift in Sources */ = {isa = PBXBuildFile; fileRef = 2E540E2D25AF5A3400277BB8 /* ImageUploader.swift */; };
		2E540E3125AF5CC100277BB8 /* CustomerService.swift in Sources */ = {isa = PBXBuildFile; fileRef = 2E540E3025AF5CC000277BB8 /* CustomerService.swift */; };
		2E540E3425B0639200277BB8 /* UIViewControllerExtension.swift in Sources */ = {isa = PBXBuildFile; fileRef = 2E540E3325B0638F00277BB8 /* UIViewControllerExtension.swift */; };
		2E540E3725B0814500277BB8 /* Customers.swift in Sources */ = {isa = PBXBuildFile; fileRef = 2E540E3625B0814000277BB8 /* Customers.swift */; };
		2EBC734E25B42FEC0017D964 /* Endpoint.swift in Sources */ = {isa = PBXBuildFile; fileRef = 2EBC734D25B42FEB0017D964 /* Endpoint.swift */; };
		2EBC735925B56AC30017D964 /* MainDataSourceItem.swift in Sources */ = {isa = PBXBuildFile; fileRef = 2EBC735825B56AC20017D964 /* MainDataSourceItem.swift */; };
		2EBC735D25B58C710017D964 /* MainDataSourceSection.swift in Sources */ = {isa = PBXBuildFile; fileRef = 2EBC735C25B58C700017D964 /* MainDataSourceSection.swift */; };
		2EBC736125B6F8820017D964 /* Category.swift in Sources */ = {isa = PBXBuildFile; fileRef = 2EBC736025B6F8810017D964 /* Category.swift */; };
		2EBC736525B6F8970017D964 /* Items.swift in Sources */ = {isa = PBXBuildFile; fileRef = 2EBC736425B6F8970017D964 /* Items.swift */; };
		2EBC736725B6F8A00017D964 /* DataSource.swift in Sources */ = {isa = PBXBuildFile; fileRef = 2EBC736625B6F8A00017D964 /* DataSource.swift */; };
		2EBC736B25B72F940017D964 /* AddItemViewController.swift in Sources */ = {isa = PBXBuildFile; fileRef = 2EBC736A25B72F930017D964 /* AddItemViewController.swift */; };
		2EBC737125B732DE0017D964 /* ItemFeedViewController.swift in Sources */ = {isa = PBXBuildFile; fileRef = 2EBC737025B732DE0017D964 /* ItemFeedViewController.swift */; };
		2EF36EDF258A38CC007E564A /* AppDelegate.swift in Sources */ = {isa = PBXBuildFile; fileRef = 2EF36EDE258A38CC007E564A /* AppDelegate.swift */; };
		2EF36EE1258A38CC007E564A /* SceneDelegate.swift in Sources */ = {isa = PBXBuildFile; fileRef = 2EF36EE0258A38CC007E564A /* SceneDelegate.swift */; };
		2EF36EE3258A38CC007E564A /* ViewController.swift in Sources */ = {isa = PBXBuildFile; fileRef = 2EF36EE2258A38CC007E564A /* ViewController.swift */; };
		2EF36EE8258A38D0007E564A /* Assets.xcassets in Resources */ = {isa = PBXBuildFile; fileRef = 2EF36EE7258A38D0007E564A /* Assets.xcassets */; };
		2EF36EEB258A38D0007E564A /* LaunchScreen.storyboard in Resources */ = {isa = PBXBuildFile; fileRef = 2EF36EE9258A38D0007E564A /* LaunchScreen.storyboard */; };
		2EF36F30258A4587007E564A /* ApplicationCoordinator.swift in Sources */ = {isa = PBXBuildFile; fileRef = 2EF36F2F258A4587007E564A /* ApplicationCoordinator.swift */; };
		2EF36F38258A4668007E564A /* LoginViewController.swift in Sources */ = {isa = PBXBuildFile; fileRef = 2EF36F37258A4668007E564A /* LoginViewController.swift */; };
		2EF36F3B258A46F6007E564A /* LoginViewModel.swift in Sources */ = {isa = PBXBuildFile; fileRef = 2EF36F3A258A46F6007E564A /* LoginViewModel.swift */; };
		2EF36F50258A9764007E564A /* LoginCoordinator.swift in Sources */ = {isa = PBXBuildFile; fileRef = 2EF36F4F258A9764007E564A /* LoginCoordinator.swift */; };
		2EF36F53258A9831007E564A /* LoginNavigationController.swift in Sources */ = {isa = PBXBuildFile; fileRef = 2EF36F52258A9831007E564A /* LoginNavigationController.swift */; };
		2EF36F56258A9868007E564A /* BaseNavigationController.swift in Sources */ = {isa = PBXBuildFile; fileRef = 2EF36F55258A9867007E564A /* BaseNavigationController.swift */; };
		2EF36F5B258A9A52007E564A /* MainViewController.swift in Sources */ = {isa = PBXBuildFile; fileRef = 2EF36F5A258A9A52007E564A /* MainViewController.swift */; };
		2EF36F5E258A9A5C007E564A /* MainViewModel.swift in Sources */ = {isa = PBXBuildFile; fileRef = 2EF36F5D258A9A5C007E564A /* MainViewModel.swift */; };
		2EF36F61258A9E16007E564A /* MainCoordinator.swift in Sources */ = {isa = PBXBuildFile; fileRef = 2EF36F60258A9E16007E564A /* MainCoordinator.swift */; };
		2EF36F66258A9E99007E564A /* TabBarNavigationController.swift in Sources */ = {isa = PBXBuildFile; fileRef = 2EF36F65258A9E99007E564A /* TabBarNavigationController.swift */; };
		2EF36F6A258A9F1A007E564A /* TabBarItem.swift in Sources */ = {isa = PBXBuildFile; fileRef = 2EF36F69258A9F1A007E564A /* TabBarItem.swift */; };
		2EF36F6D258B44F1007E564A /* TabBarController.swift in Sources */ = {isa = PBXBuildFile; fileRef = 2EF36F6C258B44F0007E564A /* TabBarController.swift */; };
		2EF36F70258B477A007E564A /* TabBarViewModel.swift in Sources */ = {isa = PBXBuildFile; fileRef = 2EF36F6F258B4779007E564A /* TabBarViewModel.swift */; };
		2EF36F78258B4DEB007E564A /* ProfileViewController.swift in Sources */ = {isa = PBXBuildFile; fileRef = 2EF36F77258B4DEA007E564A /* ProfileViewController.swift */; };
		2EF36F7C258B4E2B007E564A /* ProfileViewModel.swift in Sources */ = {isa = PBXBuildFile; fileRef = 2EF36F7B258B4E2B007E564A /* ProfileViewModel.swift */; };
		2EF36F81258B4EC5007E564A /* NotificationController.swift in Sources */ = {isa = PBXBuildFile; fileRef = 2EF36F80258B4EC5007E564A /* NotificationController.swift */; };
		2EF36F84258B4EE3007E564A /* NotificationViewModel.swift in Sources */ = {isa = PBXBuildFile; fileRef = 2EF36F83258B4EE3007E564A /* NotificationViewModel.swift */; };
		2EF36F88258B529D007E564A /* TrainingController.swift in Sources */ = {isa = PBXBuildFile; fileRef = 2EF36F87258B529D007E564A /* TrainingController.swift */; };
		2EF36F8C258B52C3007E564A /* TrainingViewModel.swift in Sources */ = {isa = PBXBuildFile; fileRef = 2EF36F8B258B52C3007E564A /* TrainingViewModel.swift */; };
		2EF36F8F258B539C007E564A /* FeedCoordinator.swift in Sources */ = {isa = PBXBuildFile; fileRef = 2EF36F8E258B539C007E564A /* FeedCoordinator.swift */; };
		2EF36F92258B53A5007E564A /* TrainingCoordinator.swift in Sources */ = {isa = PBXBuildFile; fileRef = 2EF36F91258B53A5007E564A /* TrainingCoordinator.swift */; };
		2EF36F94258B53B3007E564A /* NotificationCoordinator.swift in Sources */ = {isa = PBXBuildFile; fileRef = 2EF36F93258B53B3007E564A /* NotificationCoordinator.swift */; };
		2EF36F97258B53BE007E564A /* ProfileCoordinator.swift in Sources */ = {isa = PBXBuildFile; fileRef = 2EF36F96258B53BE007E564A /* ProfileCoordinator.swift */; };
		2EF36FA3258B69F5007E564A /* DataSourceIdentifiable.swift in Sources */ = {isa = PBXBuildFile; fileRef = 2EF36FA2258B69F5007E564A /* DataSourceIdentifiable.swift */; };
		2EF36FA7258B6A44007E564A /* DataSourceSection.swift in Sources */ = {isa = PBXBuildFile; fileRef = 2EF36FA6258B6A44007E564A /* DataSourceSection.swift */; };
		2EF36FAA258B6A96007E564A /* DataSourceCell.swift in Sources */ = {isa = PBXBuildFile; fileRef = 2EF36FA9258B6A96007E564A /* DataSourceCell.swift */; };
		2EF36FAD258B6AE1007E564A /* DataSourceSectionView.swift in Sources */ = {isa = PBXBuildFile; fileRef = 2EF36FAC258B6AE1007E564A /* DataSourceSectionView.swift */; };
		2EF36FB0258B6B38007E564A /* TableViewDataSource.swift in Sources */ = {isa = PBXBuildFile; fileRef = 2EF36FAF258B6B38007E564A /* TableViewDataSource.swift */; };
		2EF36FB3258B7286007E564A /* CollectionExtension.swift in Sources */ = {isa = PBXBuildFile; fileRef = 2EF36FB2258B7286007E564A /* CollectionExtension.swift */; };
		2EF36FB6258B75BF007E564A /* UITableViewExtension.swift in Sources */ = {isa = PBXBuildFile; fileRef = 2EF36FB5258B75BF007E564A /* UITableViewExtension.swift */; };
		2EF36FB9258B7632007E564A /* Identifiable.swift in Sources */ = {isa = PBXBuildFile; fileRef = 2EF36FB8258B7632007E564A /* Identifiable.swift */; };
		2EF36FBC258B8683007E564A /* UIViewExtension.swift in Sources */ = {isa = PBXBuildFile; fileRef = 2EF36FBB258B8682007E564A /* UIViewExtension.swift */; };
		2EF36FC0258B8883007E564A /* ExercisesCell.swift in Sources */ = {isa = PBXBuildFile; fileRef = 2EF36FBF258B8883007E564A /* ExercisesCell.swift */; };
		2EF36FC3258B88C6007E564A /* MagicNumber.swift in Sources */ = {isa = PBXBuildFile; fileRef = 2EF36FC2258B88C6007E564A /* MagicNumber.swift */; };
		2EF36FC7258B894E007E564A /* User.swift in Sources */ = {isa = PBXBuildFile; fileRef = 2EF36FC6258B894E007E564A /* User.swift */; };
		2EF36FCA258B8E29007E564A /* UICollectionViewExtension.swift in Sources */ = {isa = PBXBuildFile; fileRef = 2EF36FC9258B8E29007E564A /* UICollectionViewExtension.swift */; };
		2EF36FCE258B9044007E564A /* CollectionViewDataSource.swift in Sources */ = {isa = PBXBuildFile; fileRef = 2EF36FCD258B9044007E564A /* CollectionViewDataSource.swift */; };
		2EF36FD2258B9076007E564A /* CollectionHeaderDataSource.swift in Sources */ = {isa = PBXBuildFile; fileRef = 2EF36FD1258B9075007E564A /* CollectionHeaderDataSource.swift */; };
		2EF36FD5258B908F007E564A /* CollectionCellDataSource.swift in Sources */ = {isa = PBXBuildFile; fileRef = 2EF36FD4258B908F007E564A /* CollectionCellDataSource.swift */; };
		2EF36FD9258BABBA007E564A /* CustomLabel.swift in Sources */ = {isa = PBXBuildFile; fileRef = 2EF36FD8258BABB9007E564A /* CustomLabel.swift */; };
		2EF36FDD258BAF9F007E564A /* UIFontExtension.swift in Sources */ = {isa = PBXBuildFile; fileRef = 2EF36FDC258BAF9F007E564A /* UIFontExtension.swift */; };
		2EF36FE1258BB4FF007E564A /* CustomImage.swift in Sources */ = {isa = PBXBuildFile; fileRef = 2EF36FE0258BB4FF007E564A /* CustomImage.swift */; };
		2EF3714A25A4A4F6007E564A /* LayoutManager.swift in Sources */ = {isa = PBXBuildFile; fileRef = 2EF3714925A4A4F5007E564A /* LayoutManager.swift */; };
		2EF3715225A4ACBD007E564A /* CustomerBackgroundDecoration.swift in Sources */ = {isa = PBXBuildFile; fileRef = 2EF3715125A4ACBD007E564A /* CustomerBackgroundDecoration.swift */; };
		2EF3715925A4B33E007E564A /* SectionHeaderView.swift in Sources */ = {isa = PBXBuildFile; fileRef = 2EF3715825A4B33E007E564A /* SectionHeaderView.swift */; };
		2EF3715D25A5A58C007E564A /* InputView.swift in Sources */ = {isa = PBXBuildFile; fileRef = 2EF3715C25A5A58B007E564A /* InputView.swift */; };
		2EF3716025A5A788007E564A /* CustomText.swift in Sources */ = {isa = PBXBuildFile; fileRef = 2EF3715F25A5A787007E564A /* CustomText.swift */; };
		2EF3716325A5A802007E564A /* UIColorExtension.swift in Sources */ = {isa = PBXBuildFile; fileRef = 2EF3716225A5A802007E564A /* UIColorExtension.swift */; };
		2EF3716625A5AAFE007E564A /* StringExtension.swift in Sources */ = {isa = PBXBuildFile; fileRef = 2EF3716525A5AAFE007E564A /* StringExtension.swift */; };
		2EF3716925A5AE86007E564A /* Asset.swift in Sources */ = {isa = PBXBuildFile; fileRef = 2EF3716825A5AE86007E564A /* Asset.swift */; };
		2EF3716D25A5ECB0007E564A /* RoundedButton.swift in Sources */ = {isa = PBXBuildFile; fileRef = 2EF3716C25A5ECAF007E564A /* RoundedButton.swift */; };
		2EF3717125A5F61A007E564A /* LayerExtensionShadow.swift in Sources */ = {isa = PBXBuildFile; fileRef = 2EF3717025A5F619007E564A /* LayerExtensionShadow.swift */; };
		2EF3717525A5F9A0007E564A /* UIButtonExtension.swift in Sources */ = {isa = PBXBuildFile; fileRef = 2EF3717425A5F9A0007E564A /* UIButtonExtension.swift */; };
		2EF3717825A5FB3E007E564A /* StringLocalized.swift in Sources */ = {isa = PBXBuildFile; fileRef = 2EF3717725A5FB3E007E564A /* StringLocalized.swift */; };
		2EF3717F25A73813007E564A /* RegisterViewController.swift in Sources */ = {isa = PBXBuildFile; fileRef = 2EF3717E25A73811007E564A /* RegisterViewController.swift */; };
		2EF3718325A73826007E564A /* RegisterViewModel.swift in Sources */ = {isa = PBXBuildFile; fileRef = 2EF3718225A73826007E564A /* RegisterViewModel.swift */; };
		2EF3718625A756ED007E564A /* GoogleService-Info.plist in Resources */ = {isa = PBXBuildFile; fileRef = 2EF3718525A756EC007E564A /* GoogleService-Info.plist */; };
		2EF3718A25A76014007E564A /* UserService.swift in Sources */ = {isa = PBXBuildFile; fileRef = 2EF3718925A76013007E564A /* UserService.swift */; };
		2EF3718F25A78FE6007E564A /* AuthService.swift in Sources */ = {isa = PBXBuildFile; fileRef = 2EF3718E25A78FE6007E564A /* AuthService.swift */; };
		2EF3719425A79E95007E564A /* AuthenticationViewModel.swift in Sources */ = {isa = PBXBuildFile; fileRef = 2EF3719325A79E94007E564A /* AuthenticationViewModel.swift */; };
/* End PBXBuildFile section */

/* Begin PBXFileReference section */
		2E540DDC25A8686200277BB8 /* ResetPasswordController.swift */ = {isa = PBXFileReference; lastKnownFileType = sourcecode.swift; path = ResetPasswordController.swift; sourceTree = "<group>"; };
		2E540DDF25A8689400277BB8 /* ResetPasswordViewModel.swift */ = {isa = PBXFileReference; lastKnownFileType = sourcecode.swift; path = ResetPasswordViewModel.swift; sourceTree = "<group>"; };
		2E540DE325A9DC1900277BB8 /* InformationAlertControllerViewModel.swift */ = {isa = PBXFileReference; lastKnownFileType = sourcecode.swift; path = InformationAlertControllerViewModel.swift; sourceTree = "<group>"; };
		2E540DE725A9E6B000277BB8 /* InformationAlertController.swift */ = {isa = PBXFileReference; lastKnownFileType = sourcecode.swift; path = InformationAlertController.swift; sourceTree = "<group>"; };
		2E540DEB25AAF55A00277BB8 /* LoginInformationAlert.swift */ = {isa = PBXFileReference; lastKnownFileType = sourcecode.swift; path = LoginInformationAlert.swift; sourceTree = "<group>"; };
		2E540DF025AAF98500277BB8 /* CustomImageAlert.swift */ = {isa = PBXFileReference; lastKnownFileType = sourcecode.swift; path = CustomImageAlert.swift; sourceTree = "<group>"; };
		2E540DF525AAFC8600277BB8 /* BorderLayer.swift */ = {isa = PBXFileReference; lastKnownFileType = sourcecode.swift; path = BorderLayer.swift; sourceTree = "<group>"; };
		2E540DF825AAFCDA00277BB8 /* BorderLayerDelegate.swift */ = {isa = PBXFileReference; lastKnownFileType = sourcecode.swift; path = BorderLayerDelegate.swift; sourceTree = "<group>"; };
		2E540DFC25AAFE8F00277BB8 /* NumberLabelDescriptionView.swift */ = {isa = PBXFileReference; lastKnownFileType = sourcecode.swift; path = NumberLabelDescriptionView.swift; sourceTree = "<group>"; };
		2E540E0025AB0ABA00277BB8 /* ConfirmationAlert.swift */ = {isa = PBXFileReference; lastKnownFileType = sourcecode.swift; path = ConfirmationAlert.swift; sourceTree = "<group>"; };
		2E540E0425AB119400277BB8 /* AlertServices.swift */ = {isa = PBXFileReference; lastKnownFileType = sourcecode.swift; path = AlertServices.swift; sourceTree = "<group>"; };
		2E540E0725AB184800277BB8 /* Exercise.swift */ = {isa = PBXFileReference; lastKnownFileType = sourcecode.swift; path = Exercise.swift; sourceTree = "<group>"; };
		2E540E0A25AB18CB00277BB8 /* Customer.swift */ = {isa = PBXFileReference; lastKnownFileType = sourcecode.swift; path = Customer.swift; sourceTree = "<group>"; };
		2E540E0D25AB19AC00277BB8 /* Section.swift */ = {isa = PBXFileReference; lastKnownFileType = sourcecode.swift; path = Section.swift; sourceTree = "<group>"; };
		2E540E1125AB1A0800277BB8 /* DataItem.swift */ = {isa = PBXFileReference; lastKnownFileType = sourcecode.swift; path = DataItem.swift; sourceTree = "<group>"; };
		2E540E1425AB1A6300277BB8 /* Remaining.swift */ = {isa = PBXFileReference; lastKnownFileType = sourcecode.swift; path = Remaining.swift; sourceTree = "<group>"; };
		2E540E1825AC6CE800277BB8 /* CustomersCell.swift */ = {isa = PBXFileReference; lastKnownFileType = sourcecode.swift; path = CustomersCell.swift; sourceTree = "<group>"; };
		2E540E1B25AC722A00277BB8 /* RemainingCell.swift */ = {isa = PBXFileReference; lastKnownFileType = sourcecode.swift; path = RemainingCell.swift; sourceTree = "<group>"; };
		2E540E2125AC841800277BB8 /* AddClientController.swift */ = {isa = PBXFileReference; lastKnownFileType = sourcecode.swift; path = AddClientController.swift; sourceTree = "<group>"; };
		2E540E2525AC847D00277BB8 /* AddClientViewModel.swift */ = {isa = PBXFileReference; lastKnownFileType = sourcecode.swift; path = AddClientViewModel.swift; sourceTree = "<group>"; };
		2E540E2925AC8D1400277BB8 /* InputTextView.swift */ = {isa = PBXFileReference; lastKnownFileType = sourcecode.swift; path = InputTextView.swift; sourceTree = "<group>"; };
		2E540E2D25AF5A3400277BB8 /* ImageUploader.swift */ = {isa = PBXFileReference; lastKnownFileType = sourcecode.swift; path = ImageUploader.swift; sourceTree = "<group>"; };
		2E540E3025AF5CC000277BB8 /* CustomerService.swift */ = {isa = PBXFileReference; lastKnownFileType = sourcecode.swift; path = CustomerService.swift; sourceTree = "<group>"; };
		2E540E3325B0638F00277BB8 /* UIViewControllerExtension.swift */ = {isa = PBXFileReference; lastKnownFileType = sourcecode.swift; path = UIViewControllerExtension.swift; sourceTree = "<group>"; };
		2E540E3625B0814000277BB8 /* Customers.swift */ = {isa = PBXFileReference; lastKnownFileType = sourcecode.swift; path = Customers.swift; sourceTree = "<group>"; };
		2EBC734D25B42FEB0017D964 /* Endpoint.swift */ = {isa = PBXFileReference; lastKnownFileType = sourcecode.swift; path = Endpoint.swift; sourceTree = "<group>"; };
		2EBC735825B56AC20017D964 /* MainDataSourceItem.swift */ = {isa = PBXFileReference; lastKnownFileType = sourcecode.swift; path = MainDataSourceItem.swift; sourceTree = "<group>"; };
		2EBC735C25B58C700017D964 /* MainDataSourceSection.swift */ = {isa = PBXFileReference; lastKnownFileType = sourcecode.swift; path = MainDataSourceSection.swift; sourceTree = "<group>"; };
		2EBC736025B6F8810017D964 /* Category.swift */ = {isa = PBXFileReference; lastKnownFileType = sourcecode.swift; path = Category.swift; sourceTree = "<group>"; };
		2EBC736425B6F8970017D964 /* Items.swift */ = {isa = PBXFileReference; lastKnownFileType = sourcecode.swift; path = Items.swift; sourceTree = "<group>"; };
		2EBC736625B6F8A00017D964 /* DataSource.swift */ = {isa = PBXFileReference; lastKnownFileType = sourcecode.swift; path = DataSource.swift; sourceTree = "<group>"; };
		2EBC736A25B72F930017D964 /* AddItemViewController.swift */ = {isa = PBXFileReference; lastKnownFileType = sourcecode.swift; path = AddItemViewController.swift; sourceTree = "<group>"; };
		2EBC737025B732DE0017D964 /* ItemFeedViewController.swift */ = {isa = PBXFileReference; lastKnownFileType = sourcecode.swift; path = ItemFeedViewController.swift; sourceTree = "<group>"; };
		2EF36EDB258A38CC007E564A /* FitnessWallet.app */ = {isa = PBXFileReference; explicitFileType = wrapper.application; includeInIndex = 0; path = FitnessWallet.app; sourceTree = BUILT_PRODUCTS_DIR; };
		2EF36EDE258A38CC007E564A /* AppDelegate.swift */ = {isa = PBXFileReference; lastKnownFileType = sourcecode.swift; path = AppDelegate.swift; sourceTree = "<group>"; };
		2EF36EE0258A38CC007E564A /* SceneDelegate.swift */ = {isa = PBXFileReference; lastKnownFileType = sourcecode.swift; path = SceneDelegate.swift; sourceTree = "<group>"; };
		2EF36EE2258A38CC007E564A /* ViewController.swift */ = {isa = PBXFileReference; lastKnownFileType = sourcecode.swift; path = ViewController.swift; sourceTree = "<group>"; };
		2EF36EE7258A38D0007E564A /* Assets.xcassets */ = {isa = PBXFileReference; lastKnownFileType = folder.assetcatalog; path = Assets.xcassets; sourceTree = "<group>"; };
		2EF36EEA258A38D0007E564A /* Base */ = {isa = PBXFileReference; lastKnownFileType = file.storyboard; name = Base; path = Base.lproj/LaunchScreen.storyboard; sourceTree = "<group>"; };
		2EF36EEC258A38D0007E564A /* Info.plist */ = {isa = PBXFileReference; lastKnownFileType = text.plist.xml; path = Info.plist; sourceTree = "<group>"; };
		2EF36F2F258A4587007E564A /* ApplicationCoordinator.swift */ = {isa = PBXFileReference; lastKnownFileType = sourcecode.swift; path = ApplicationCoordinator.swift; sourceTree = "<group>"; };
		2EF36F37258A4668007E564A /* LoginViewController.swift */ = {isa = PBXFileReference; lastKnownFileType = sourcecode.swift; path = LoginViewController.swift; sourceTree = "<group>"; };
		2EF36F3A258A46F6007E564A /* LoginViewModel.swift */ = {isa = PBXFileReference; lastKnownFileType = sourcecode.swift; path = LoginViewModel.swift; sourceTree = "<group>"; };
		2EF36F4F258A9764007E564A /* LoginCoordinator.swift */ = {isa = PBXFileReference; lastKnownFileType = sourcecode.swift; path = LoginCoordinator.swift; sourceTree = "<group>"; };
		2EF36F52258A9831007E564A /* LoginNavigationController.swift */ = {isa = PBXFileReference; lastKnownFileType = sourcecode.swift; path = LoginNavigationController.swift; sourceTree = "<group>"; };
		2EF36F55258A9867007E564A /* BaseNavigationController.swift */ = {isa = PBXFileReference; lastKnownFileType = sourcecode.swift; path = BaseNavigationController.swift; sourceTree = "<group>"; };
		2EF36F5A258A9A52007E564A /* MainViewController.swift */ = {isa = PBXFileReference; lastKnownFileType = sourcecode.swift; path = MainViewController.swift; sourceTree = "<group>"; };
		2EF36F5D258A9A5C007E564A /* MainViewModel.swift */ = {isa = PBXFileReference; lastKnownFileType = sourcecode.swift; path = MainViewModel.swift; sourceTree = "<group>"; };
		2EF36F60258A9E16007E564A /* MainCoordinator.swift */ = {isa = PBXFileReference; lastKnownFileType = sourcecode.swift; path = MainCoordinator.swift; sourceTree = "<group>"; };
		2EF36F65258A9E99007E564A /* TabBarNavigationController.swift */ = {isa = PBXFileReference; lastKnownFileType = sourcecode.swift; path = TabBarNavigationController.swift; sourceTree = "<group>"; };
		2EF36F69258A9F1A007E564A /* TabBarItem.swift */ = {isa = PBXFileReference; lastKnownFileType = sourcecode.swift; path = TabBarItem.swift; sourceTree = "<group>"; };
		2EF36F6C258B44F0007E564A /* TabBarController.swift */ = {isa = PBXFileReference; lastKnownFileType = sourcecode.swift; path = TabBarController.swift; sourceTree = "<group>"; };
		2EF36F6F258B4779007E564A /* TabBarViewModel.swift */ = {isa = PBXFileReference; lastKnownFileType = sourcecode.swift; path = TabBarViewModel.swift; sourceTree = "<group>"; };
		2EF36F77258B4DEA007E564A /* ProfileViewController.swift */ = {isa = PBXFileReference; lastKnownFileType = sourcecode.swift; path = ProfileViewController.swift; sourceTree = "<group>"; };
		2EF36F7B258B4E2B007E564A /* ProfileViewModel.swift */ = {isa = PBXFileReference; lastKnownFileType = sourcecode.swift; path = ProfileViewModel.swift; sourceTree = "<group>"; };
		2EF36F80258B4EC5007E564A /* NotificationController.swift */ = {isa = PBXFileReference; lastKnownFileType = sourcecode.swift; path = NotificationController.swift; sourceTree = "<group>"; };
		2EF36F83258B4EE3007E564A /* NotificationViewModel.swift */ = {isa = PBXFileReference; lastKnownFileType = sourcecode.swift; path = NotificationViewModel.swift; sourceTree = "<group>"; };
		2EF36F87258B529D007E564A /* TrainingController.swift */ = {isa = PBXFileReference; lastKnownFileType = sourcecode.swift; path = TrainingController.swift; sourceTree = "<group>"; };
		2EF36F8B258B52C3007E564A /* TrainingViewModel.swift */ = {isa = PBXFileReference; lastKnownFileType = sourcecode.swift; path = TrainingViewModel.swift; sourceTree = "<group>"; };
		2EF36F8E258B539C007E564A /* FeedCoordinator.swift */ = {isa = PBXFileReference; lastKnownFileType = sourcecode.swift; path = FeedCoordinator.swift; sourceTree = "<group>"; };
		2EF36F91258B53A5007E564A /* TrainingCoordinator.swift */ = {isa = PBXFileReference; lastKnownFileType = sourcecode.swift; path = TrainingCoordinator.swift; sourceTree = "<group>"; };
		2EF36F93258B53B3007E564A /* NotificationCoordinator.swift */ = {isa = PBXFileReference; lastKnownFileType = sourcecode.swift; path = NotificationCoordinator.swift; sourceTree = "<group>"; };
		2EF36F96258B53BE007E564A /* ProfileCoordinator.swift */ = {isa = PBXFileReference; lastKnownFileType = sourcecode.swift; path = ProfileCoordinator.swift; sourceTree = "<group>"; };
		2EF36FA2258B69F5007E564A /* DataSourceIdentifiable.swift */ = {isa = PBXFileReference; lastKnownFileType = sourcecode.swift; path = DataSourceIdentifiable.swift; sourceTree = "<group>"; };
		2EF36FA6258B6A44007E564A /* DataSourceSection.swift */ = {isa = PBXFileReference; lastKnownFileType = sourcecode.swift; path = DataSourceSection.swift; sourceTree = "<group>"; };
		2EF36FA9258B6A96007E564A /* DataSourceCell.swift */ = {isa = PBXFileReference; lastKnownFileType = sourcecode.swift; path = DataSourceCell.swift; sourceTree = "<group>"; };
		2EF36FAC258B6AE1007E564A /* DataSourceSectionView.swift */ = {isa = PBXFileReference; lastKnownFileType = sourcecode.swift; path = DataSourceSectionView.swift; sourceTree = "<group>"; };
		2EF36FAF258B6B38007E564A /* TableViewDataSource.swift */ = {isa = PBXFileReference; lastKnownFileType = sourcecode.swift; path = TableViewDataSource.swift; sourceTree = "<group>"; };
		2EF36FB2258B7286007E564A /* CollectionExtension.swift */ = {isa = PBXFileReference; lastKnownFileType = sourcecode.swift; path = CollectionExtension.swift; sourceTree = "<group>"; };
		2EF36FB5258B75BF007E564A /* UITableViewExtension.swift */ = {isa = PBXFileReference; lastKnownFileType = sourcecode.swift; path = UITableViewExtension.swift; sourceTree = "<group>"; };
		2EF36FB8258B7632007E564A /* Identifiable.swift */ = {isa = PBXFileReference; lastKnownFileType = sourcecode.swift; path = Identifiable.swift; sourceTree = "<group>"; };
		2EF36FBB258B8682007E564A /* UIViewExtension.swift */ = {isa = PBXFileReference; lastKnownFileType = sourcecode.swift; path = UIViewExtension.swift; sourceTree = "<group>"; };
		2EF36FBF258B8883007E564A /* ExercisesCell.swift */ = {isa = PBXFileReference; lastKnownFileType = sourcecode.swift; path = ExercisesCell.swift; sourceTree = "<group>"; };
		2EF36FC2258B88C6007E564A /* MagicNumber.swift */ = {isa = PBXFileReference; lastKnownFileType = sourcecode.swift; path = MagicNumber.swift; sourceTree = "<group>"; };
		2EF36FC6258B894E007E564A /* User.swift */ = {isa = PBXFileReference; lastKnownFileType = sourcecode.swift; path = User.swift; sourceTree = "<group>"; };
		2EF36FC9258B8E29007E564A /* UICollectionViewExtension.swift */ = {isa = PBXFileReference; lastKnownFileType = sourcecode.swift; path = UICollectionViewExtension.swift; sourceTree = "<group>"; };
		2EF36FCD258B9044007E564A /* CollectionViewDataSource.swift */ = {isa = PBXFileReference; lastKnownFileType = sourcecode.swift; path = CollectionViewDataSource.swift; sourceTree = "<group>"; };
		2EF36FD1258B9075007E564A /* CollectionHeaderDataSource.swift */ = {isa = PBXFileReference; lastKnownFileType = sourcecode.swift; path = CollectionHeaderDataSource.swift; sourceTree = "<group>"; };
		2EF36FD4258B908F007E564A /* CollectionCellDataSource.swift */ = {isa = PBXFileReference; lastKnownFileType = sourcecode.swift; path = CollectionCellDataSource.swift; sourceTree = "<group>"; };
		2EF36FD8258BABB9007E564A /* CustomLabel.swift */ = {isa = PBXFileReference; lastKnownFileType = sourcecode.swift; path = CustomLabel.swift; sourceTree = "<group>"; };
		2EF36FDC258BAF9F007E564A /* UIFontExtension.swift */ = {isa = PBXFileReference; lastKnownFileType = sourcecode.swift; path = UIFontExtension.swift; sourceTree = "<group>"; };
		2EF36FE0258BB4FF007E564A /* CustomImage.swift */ = {isa = PBXFileReference; lastKnownFileType = sourcecode.swift; path = CustomImage.swift; sourceTree = "<group>"; };
		2EF3714925A4A4F5007E564A /* LayoutManager.swift */ = {isa = PBXFileReference; lastKnownFileType = sourcecode.swift; path = LayoutManager.swift; sourceTree = "<group>"; };
		2EF3715125A4ACBD007E564A /* CustomerBackgroundDecoration.swift */ = {isa = PBXFileReference; lastKnownFileType = sourcecode.swift; path = CustomerBackgroundDecoration.swift; sourceTree = "<group>"; };
		2EF3715825A4B33E007E564A /* SectionHeaderView.swift */ = {isa = PBXFileReference; lastKnownFileType = sourcecode.swift; path = SectionHeaderView.swift; sourceTree = "<group>"; };
		2EF3715C25A5A58B007E564A /* InputView.swift */ = {isa = PBXFileReference; lastKnownFileType = sourcecode.swift; path = InputView.swift; sourceTree = "<group>"; };
		2EF3715F25A5A787007E564A /* CustomText.swift */ = {isa = PBXFileReference; lastKnownFileType = sourcecode.swift; path = CustomText.swift; sourceTree = "<group>"; };
		2EF3716225A5A802007E564A /* UIColorExtension.swift */ = {isa = PBXFileReference; lastKnownFileType = sourcecode.swift; path = UIColorExtension.swift; sourceTree = "<group>"; };
		2EF3716525A5AAFE007E564A /* StringExtension.swift */ = {isa = PBXFileReference; lastKnownFileType = sourcecode.swift; path = StringExtension.swift; sourceTree = "<group>"; };
		2EF3716825A5AE86007E564A /* Asset.swift */ = {isa = PBXFileReference; lastKnownFileType = sourcecode.swift; path = Asset.swift; sourceTree = "<group>"; };
		2EF3716C25A5ECAF007E564A /* RoundedButton.swift */ = {isa = PBXFileReference; lastKnownFileType = sourcecode.swift; path = RoundedButton.swift; sourceTree = "<group>"; };
		2EF3717025A5F619007E564A /* LayerExtensionShadow.swift */ = {isa = PBXFileReference; lastKnownFileType = sourcecode.swift; path = LayerExtensionShadow.swift; sourceTree = "<group>"; };
		2EF3717425A5F9A0007E564A /* UIButtonExtension.swift */ = {isa = PBXFileReference; lastKnownFileType = sourcecode.swift; path = UIButtonExtension.swift; sourceTree = "<group>"; };
		2EF3717725A5FB3E007E564A /* StringLocalized.swift */ = {isa = PBXFileReference; lastKnownFileType = sourcecode.swift; path = StringLocalized.swift; sourceTree = "<group>"; };
		2EF3717E25A73811007E564A /* RegisterViewController.swift */ = {isa = PBXFileReference; lastKnownFileType = sourcecode.swift; path = RegisterViewController.swift; sourceTree = "<group>"; };
		2EF3718225A73826007E564A /* RegisterViewModel.swift */ = {isa = PBXFileReference; lastKnownFileType = sourcecode.swift; path = RegisterViewModel.swift; sourceTree = "<group>"; };
		2EF3718525A756EC007E564A /* GoogleService-Info.plist */ = {isa = PBXFileReference; fileEncoding = 4; lastKnownFileType = text.plist.xml; path = "GoogleService-Info.plist"; sourceTree = "<group>"; };
		2EF3718925A76013007E564A /* UserService.swift */ = {isa = PBXFileReference; lastKnownFileType = sourcecode.swift; path = UserService.swift; sourceTree = "<group>"; };
		2EF3718E25A78FE6007E564A /* AuthService.swift */ = {isa = PBXFileReference; lastKnownFileType = sourcecode.swift; path = AuthService.swift; sourceTree = "<group>"; };
		2EF3719325A79E94007E564A /* AuthenticationViewModel.swift */ = {isa = PBXFileReference; lastKnownFileType = sourcecode.swift; path = AuthenticationViewModel.swift; sourceTree = "<group>"; };
		37563A5AC319DC9CBBE38087 /* Pods_FitnessWallet.framework */ = {isa = PBXFileReference; explicitFileType = wrapper.framework; includeInIndex = 0; path = Pods_FitnessWallet.framework; sourceTree = BUILT_PRODUCTS_DIR; };
		40E3B11B096C51AEABCF5476 /* Pods-FitnessWallet.debug.xcconfig */ = {isa = PBXFileReference; includeInIndex = 1; lastKnownFileType = text.xcconfig; name = "Pods-FitnessWallet.debug.xcconfig"; path = "Target Support Files/Pods-FitnessWallet/Pods-FitnessWallet.debug.xcconfig"; sourceTree = "<group>"; };
		EAFECF69BBCF91FA8DD5DC64 /* Pods-FitnessWallet.release.xcconfig */ = {isa = PBXFileReference; includeInIndex = 1; lastKnownFileType = text.xcconfig; name = "Pods-FitnessWallet.release.xcconfig"; path = "Target Support Files/Pods-FitnessWallet/Pods-FitnessWallet.release.xcconfig"; sourceTree = "<group>"; };
/* End PBXFileReference section */

/* Begin PBXFrameworksBuildPhase section */
		2EF36ED8258A38CC007E564A /* Frameworks */ = {
			isa = PBXFrameworksBuildPhase;
			buildActionMask = 2147483647;
			files = (
				2D5C705D555EB41805C76ED7 /* Pods_FitnessWallet.framework in Frameworks */,
			);
			runOnlyForDeploymentPostprocessing = 0;
		};
/* End PBXFrameworksBuildPhase section */

/* Begin PBXGroup section */
		239839C7D470450B311FFF27 /* Pods */ = {
			isa = PBXGroup;
			children = (
				40E3B11B096C51AEABCF5476 /* Pods-FitnessWallet.debug.xcconfig */,
				EAFECF69BBCF91FA8DD5DC64 /* Pods-FitnessWallet.release.xcconfig */,
			);
			path = Pods;
			sourceTree = "<group>";
		};
		2E540DE225A9DBED00277BB8 /* InformationAlert */ = {
			isa = PBXGroup;
			children = (
				2E540DFF25AB0AA100277BB8 /* ConfirmationAlert */,
				2E540DFB25AAFE7200277BB8 /* NumberLabelDescriptionView */,
				2E540DEA25AAF54100277BB8 /* LoginInformationAlert */,
				2E540DE325A9DC1900277BB8 /* InformationAlertControllerViewModel.swift */,
				2E540DE725A9E6B000277BB8 /* InformationAlertController.swift */,
				2E540E0425AB119400277BB8 /* AlertServices.swift */,
			);
			path = InformationAlert;
			sourceTree = "<group>";
		};
		2E540DEA25AAF54100277BB8 /* LoginInformationAlert */ = {
			isa = PBXGroup;
			children = (
				2E540DEB25AAF55A00277BB8 /* LoginInformationAlert.swift */,
			);
			path = LoginInformationAlert;
			sourceTree = "<group>";
		};
		2E540DEF25AAF97800277BB8 /* CustomImageAlert */ = {
			isa = PBXGroup;
			children = (
				2E540DF025AAF98500277BB8 /* CustomImageAlert.swift */,
			);
			path = CustomImageAlert;
			sourceTree = "<group>";
		};
		2E540DF425AAFC7000277BB8 /* BorderLayer */ = {
			isa = PBXGroup;
			children = (
				2E540DF525AAFC8600277BB8 /* BorderLayer.swift */,
				2E540DF825AAFCDA00277BB8 /* BorderLayerDelegate.swift */,
			);
			path = BorderLayer;
			sourceTree = "<group>";
		};
		2E540DFB25AAFE7200277BB8 /* NumberLabelDescriptionView */ = {
			isa = PBXGroup;
			children = (
				2E540DFC25AAFE8F00277BB8 /* NumberLabelDescriptionView.swift */,
			);
			path = NumberLabelDescriptionView;
			sourceTree = "<group>";
		};
		2E540DFF25AB0AA100277BB8 /* ConfirmationAlert */ = {
			isa = PBXGroup;
			children = (
				2E540E0025AB0ABA00277BB8 /* ConfirmationAlert.swift */,
			);
			path = ConfirmationAlert;
			sourceTree = "<group>";
		};
		2E540E1E25AC83D600277BB8 /* View */ = {
			isa = PBXGroup;
			children = (
				2E540E1F25AC83F200277BB8 /* AddClientController */,
			);
			path = View;
			sourceTree = "<group>";
		};
		2E540E1F25AC83F200277BB8 /* AddClientController */ = {
			isa = PBXGroup;
			children = (
				2E540E2025AC840100277BB8 /* Core */,
			);
			path = AddClientController;
			sourceTree = "<group>";
		};
		2E540E2025AC840100277BB8 /* Core */ = {
			isa = PBXGroup;
			children = (
				2E540E2125AC841800277BB8 /* AddClientController.swift */,
				2E540E2525AC847D00277BB8 /* AddClientViewModel.swift */,
			);
			path = Core;
			sourceTree = "<group>";
		};
		2E540E2825AC8CD600277BB8 /* InputTextView */ = {
			isa = PBXGroup;
			children = (
				2E540E2925AC8D1400277BB8 /* InputTextView.swift */,
			);
			path = InputTextView;
			sourceTree = "<group>";
		};
		2EBC734B25B42F540017D964 /* Endpoint */ = {
			isa = PBXGroup;
			children = (
				2EBC734D25B42FEB0017D964 /* Endpoint.swift */,
			);
			path = Endpoint;
			sourceTree = "<group>";
		};
		2EBC735025B43BAB0017D964 /* Resources */ = {
			isa = PBXGroup;
			children = (
				2EF3718525A756EC007E564A /* GoogleService-Info.plist */,
				2EF36EE7258A38D0007E564A /* Assets.xcassets */,
				2EF36EE9258A38D0007E564A /* LaunchScreen.storyboard */,
			);
			path = Resources;
			sourceTree = "<group>";
		};
		2EBC735525B569A20017D964 /* CollectionDataSource */ = {
			isa = PBXGroup;
			children = (
				2EF36FD4258B908F007E564A /* CollectionCellDataSource.swift */,
				2EF36FD1258B9075007E564A /* CollectionHeaderDataSource.swift */,
				2EF36FCD258B9044007E564A /* CollectionViewDataSource.swift */,
			);
			path = CollectionDataSource;
			sourceTree = "<group>";
		};
		2EBC735F25B6F86D0017D964 /* TestDataTableViewGeneric */ = {
			isa = PBXGroup;
			children = (
				2EBC736925B72F850017D964 /* Core */,
				2EBC736025B6F8810017D964 /* Category.swift */,
				2EBC736425B6F8970017D964 /* Items.swift */,
				2EBC736625B6F8A00017D964 /* DataSource.swift */,
			);
			path = TestDataTableViewGeneric;
			sourceTree = "<group>";
		};
		2EBC736925B72F850017D964 /* Core */ = {
			isa = PBXGroup;
			children = (
				2EBC736A25B72F930017D964 /* AddItemViewController.swift */,
				2EBC737025B732DE0017D964 /* ItemFeedViewController.swift */,
			);
			path = Core;
			sourceTree = "<group>";
		};
		2EF36ED2258A38CB007E564A = {
			isa = PBXGroup;
			children = (
				2EF36EDD258A38CC007E564A /* FitnessWallet */,
				2EF36EDC258A38CC007E564A /* Products */,
				239839C7D470450B311FFF27 /* Pods */,
				6254B5966A6DA0E5B1EF3EFA /* Frameworks */,
			);
			sourceTree = "<group>";
		};
		2EF36EDC258A38CC007E564A /* Products */ = {
			isa = PBXGroup;
			children = (
				2EF36EDB258A38CC007E564A /* FitnessWallet.app */,
			);
			name = Products;
			sourceTree = "<group>";
		};
		2EF36EDD258A38CC007E564A /* FitnessWallet */ = {
			isa = PBXGroup;
			children = (
				2EF3718D25A78F91007E564A /* Model */,
				2EF3718825A75FE8007E564A /* ServicesAPI */,
				2EF36F9F258B69BD007E564A /* Common */,
				2EF36F4A258A9473007E564A /* Utilis */,
				2EF36F49258A946E007E564A /* Helper */,
				2EF36F48258A9466007E564A /* Components */,
				2EF36F29258A3F8F007E564A /* Coordinator */,
				2EF36F27258A3F78007E564A /* Modules */,
				2EF36F2A258A3F97007E564A /* Controller */,
				2EBC735025B43BAB0017D964 /* Resources */,
				2EF36EE0258A38CC007E564A /* SceneDelegate.swift */,
				2EF36EDE258A38CC007E564A /* AppDelegate.swift */,
				2EF36EE2258A38CC007E564A /* ViewController.swift */,
				2EF36EEC258A38D0007E564A /* Info.plist */,
			);
			path = FitnessWallet;
			sourceTree = "<group>";
		};
		2EF36F27258A3F78007E564A /* Modules */ = {
			isa = PBXGroup;
			children = (
				2EF36F74258B4DC8007E564A /* ProfileController */,
				2EF36F73258B4DC2007E564A /* NotificationController */,
				2EF36F72258B4DAC007E564A /* TrainingController */,
				2EF36F58258A9A41007E564A /* MainController */,
			);
			path = Modules;
			sourceTree = "<group>";
		};
		2EF36F29258A3F8F007E564A /* Coordinator */ = {
			isa = PBXGroup;
			children = (
				2EF36F2F258A4587007E564A /* ApplicationCoordinator.swift */,
				2EF36F4F258A9764007E564A /* LoginCoordinator.swift */,
				2EF36F60258A9E16007E564A /* MainCoordinator.swift */,
				2EF36F8E258B539C007E564A /* FeedCoordinator.swift */,
				2EF36F91258B53A5007E564A /* TrainingCoordinator.swift */,
				2EF36F93258B53B3007E564A /* NotificationCoordinator.swift */,
				2EF36F96258B53BE007E564A /* ProfileCoordinator.swift */,
			);
			path = Coordinator;
			sourceTree = "<group>";
		};
		2EF36F2A258A3F97007E564A /* Controller */ = {
			isa = PBXGroup;
			children = (
				2EF3719125A79E41007E564A /* Authentication */,
				2EF36F63258A9E82007E564A /* TabBarController */,
				2EF36F52258A9831007E564A /* LoginNavigationController.swift */,
				2EF36F55258A9867007E564A /* BaseNavigationController.swift */,
			);
			path = Controller;
			sourceTree = "<group>";
		};
		2EF36F35258A4640007E564A /* LoginController */ = {
			isa = PBXGroup;
			children = (
				2EF36F3D258A47EE007E564A /* Model */,
				2EF36F36258A4648007E564A /* Core */,
			);
			path = LoginController;
			sourceTree = "<group>";
		};
		2EF36F36258A4648007E564A /* Core */ = {
			isa = PBXGroup;
			children = (
				2EF36F37258A4668007E564A /* LoginViewController.swift */,
				2EF36F3A258A46F6007E564A /* LoginViewModel.swift */,
			);
			path = Core;
			sourceTree = "<group>";
		};
		2EF36F3D258A47EE007E564A /* Model */ = {
			isa = PBXGroup;
			children = (
			);
			path = Model;
			sourceTree = "<group>";
		};
		2EF36F48258A9466007E564A /* Components */ = {
			isa = PBXGroup;
			children = (
				2E540E2825AC8CD600277BB8 /* InputTextView */,
				2E540DEF25AAF97800277BB8 /* CustomImageAlert */,
				2E540DE225A9DBED00277BB8 /* InformationAlert */,
				2EF3716B25A5EC78007E564A /* CustomButton */,
				2EF3715B25A5A4D9007E564A /* InputView */,
				2EF3715025A4AC88007E564A /* CustomViewsCustomer */,
				2EF36FDF258BB4F2007E564A /* CustomImage */,
				2EF36FD7258BABA5007E564A /* CustomLabel */,
			);
			path = Components;
			sourceTree = "<group>";
		};
		2EF36F49258A946E007E564A /* Helper */ = {
			isa = PBXGroup;
			children = (
				2EF36FC2258B88C6007E564A /* MagicNumber.swift */,
			);
			path = Helper;
			sourceTree = "<group>";
		};
		2EF36F4A258A9473007E564A /* Utilis */ = {
			isa = PBXGroup;
			children = (
				2EF36FB2258B7286007E564A /* CollectionExtension.swift */,
				2EF36FB5258B75BF007E564A /* UITableViewExtension.swift */,
				2EF36FB8258B7632007E564A /* Identifiable.swift */,
				2EF36FBB258B8682007E564A /* UIViewExtension.swift */,
				2EF36FC9258B8E29007E564A /* UICollectionViewExtension.swift */,
				2EF36FDC258BAF9F007E564A /* UIFontExtension.swift */,
				2EF3716225A5A802007E564A /* UIColorExtension.swift */,
				2EF3716525A5AAFE007E564A /* StringExtension.swift */,
				2EF3716825A5AE86007E564A /* Asset.swift */,
				2EF3717025A5F619007E564A /* LayerExtensionShadow.swift */,
				2EF3717425A5F9A0007E564A /* UIButtonExtension.swift */,
				2EF3717725A5FB3E007E564A /* StringLocalized.swift */,
				2E540E3325B0638F00277BB8 /* UIViewControllerExtension.swift */,
			);
			path = Utilis;
			sourceTree = "<group>";
		};
		2EF36F58258A9A41007E564A /* MainController */ = {
			isa = PBXGroup;
			children = (
				2EBC735F25B6F86D0017D964 /* TestDataTableViewGeneric */,
				2EF36FC5258B8947007E564A /* Model */,
				2EF36FBE258B886B007E564A /* View */,
				2EF36F59258A9A48007E564A /* Core */,
			);
			path = MainController;
			sourceTree = "<group>";
		};
		2EF36F59258A9A48007E564A /* Core */ = {
			isa = PBXGroup;
			children = (
				2EF36F5A258A9A52007E564A /* MainViewController.swift */,
				2EF36F5D258A9A5C007E564A /* MainViewModel.swift */,
			);
			path = Core;
			sourceTree = "<group>";
		};
		2EF36F63258A9E82007E564A /* TabBarController */ = {
			isa = PBXGroup;
			children = (
				2EF36F64258A9E8B007E564A /* Core */,
			);
			path = TabBarController;
			sourceTree = "<group>";
		};
		2EF36F64258A9E8B007E564A /* Core */ = {
			isa = PBXGroup;
			children = (
				2EF36F65258A9E99007E564A /* TabBarNavigationController.swift */,
				2EF36F69258A9F1A007E564A /* TabBarItem.swift */,
				2EF36F6C258B44F0007E564A /* TabBarController.swift */,
				2EF36F6F258B4779007E564A /* TabBarViewModel.swift */,
			);
			path = Core;
			sourceTree = "<group>";
		};
		2EF36F72258B4DAC007E564A /* TrainingController */ = {
			isa = PBXGroup;
			children = (
				2EF36F86258B5291007E564A /* Core */,
			);
			path = TrainingController;
			sourceTree = "<group>";
		};
		2EF36F73258B4DC2007E564A /* NotificationController */ = {
			isa = PBXGroup;
			children = (
				2EF36F7F258B4EBB007E564A /* Core */,
			);
			path = NotificationController;
			sourceTree = "<group>";
		};
		2EF36F74258B4DC8007E564A /* ProfileController */ = {
			isa = PBXGroup;
			children = (
				2E540E1E25AC83D600277BB8 /* View */,
				2EF36F76258B4DDC007E564A /* Core */,
			);
			path = ProfileController;
			sourceTree = "<group>";
		};
		2EF36F76258B4DDC007E564A /* Core */ = {
			isa = PBXGroup;
			children = (
				2EF36F77258B4DEA007E564A /* ProfileViewController.swift */,
				2EF36F7B258B4E2B007E564A /* ProfileViewModel.swift */,
			);
			path = Core;
			sourceTree = "<group>";
		};
		2EF36F7F258B4EBB007E564A /* Core */ = {
			isa = PBXGroup;
			children = (
				2EF36F80258B4EC5007E564A /* NotificationController.swift */,
				2EF36F83258B4EE3007E564A /* NotificationViewModel.swift */,
			);
			path = Core;
			sourceTree = "<group>";
		};
		2EF36F86258B5291007E564A /* Core */ = {
			isa = PBXGroup;
			children = (
				2EF36F87258B529D007E564A /* TrainingController.swift */,
				2EF36F8B258B52C3007E564A /* TrainingViewModel.swift */,
			);
			path = Core;
			sourceTree = "<group>";
		};
		2EF36F9F258B69BD007E564A /* Common */ = {
			isa = PBXGroup;
			children = (
				2E540DF425AAFC7000277BB8 /* BorderLayer */,
				2EF36FCC258B9009007E564A /* CollectionViewDataSource */,
				2EF36FA0258B69C6007E564A /* DataSource */,
			);
			path = Common;
			sourceTree = "<group>";
		};
		2EF36FA0258B69C6007E564A /* DataSource */ = {
			isa = PBXGroup;
			children = (
				2EF36FA1258B69E6007E564A /* models */,
				2EF36FA9258B6A96007E564A /* DataSourceCell.swift */,
				2EF36FAC258B6AE1007E564A /* DataSourceSectionView.swift */,
				2EF36FAF258B6B38007E564A /* TableViewDataSource.swift */,
			);
			path = DataSource;
			sourceTree = "<group>";
		};
		2EF36FA1258B69E6007E564A /* models */ = {
			isa = PBXGroup;
			children = (
				2EF36FA2258B69F5007E564A /* DataSourceIdentifiable.swift */,
				2EF36FA6258B6A44007E564A /* DataSourceSection.swift */,
			);
			path = models;
			sourceTree = "<group>";
		};
		2EF36FBE258B886B007E564A /* View */ = {
			isa = PBXGroup;
			children = (
				2EF36FBF258B8883007E564A /* ExercisesCell.swift */,
				2E540E0D25AB19AC00277BB8 /* Section.swift */,
				2E540E1125AB1A0800277BB8 /* DataItem.swift */,
				2E540E1825AC6CE800277BB8 /* CustomersCell.swift */,
				2E540E1B25AC722A00277BB8 /* RemainingCell.swift */,
			);
			path = View;
			sourceTree = "<group>";
		};
		2EF36FC5258B8947007E564A /* Model */ = {
			isa = PBXGroup;
			children = (
				2E540E0725AB184800277BB8 /* Exercise.swift */,
				2E540E0A25AB18CB00277BB8 /* Customer.swift */,
				2E540E1425AB1A6300277BB8 /* Remaining.swift */,
				2EBC735825B56AC20017D964 /* MainDataSourceItem.swift */,
				2EBC735C25B58C700017D964 /* MainDataSourceSection.swift */,
			);
			path = Model;
			sourceTree = "<group>";
		};
		2EF36FCC258B9009007E564A /* CollectionViewDataSource */ = {
			isa = PBXGroup;
			children = (
				2EBC735525B569A20017D964 /* CollectionDataSource */,
				2EF3714825A4A4D9007E564A /* LayoutManagerDiffable */,
			);
			path = CollectionViewDataSource;
			sourceTree = "<group>";
		};
		2EF36FD7258BABA5007E564A /* CustomLabel */ = {
			isa = PBXGroup;
			children = (
				2EF36FD8258BABB9007E564A /* CustomLabel.swift */,
			);
			path = CustomLabel;
			sourceTree = "<group>";
		};
		2EF36FDF258BB4F2007E564A /* CustomImage */ = {
			isa = PBXGroup;
			children = (
				2EF36FE0258BB4FF007E564A /* CustomImage.swift */,
			);
			path = CustomImage;
			sourceTree = "<group>";
		};
		2EF3714825A4A4D9007E564A /* LayoutManagerDiffable */ = {
			isa = PBXGroup;
			children = (
				2EF3714925A4A4F5007E564A /* LayoutManager.swift */,
			);
			path = LayoutManagerDiffable;
			sourceTree = "<group>";
		};
		2EF3715025A4AC88007E564A /* CustomViewsCustomer */ = {
			isa = PBXGroup;
			children = (
				2EF3715125A4ACBD007E564A /* CustomerBackgroundDecoration.swift */,
				2EF3715825A4B33E007E564A /* SectionHeaderView.swift */,
			);
			path = CustomViewsCustomer;
			sourceTree = "<group>";
		};
		2EF3715B25A5A4D9007E564A /* InputView */ = {
			isa = PBXGroup;
			children = (
				2EF3715C25A5A58B007E564A /* InputView.swift */,
				2EF3715F25A5A787007E564A /* CustomText.swift */,
			);
			path = InputView;
			sourceTree = "<group>";
		};
		2EF3716B25A5EC78007E564A /* CustomButton */ = {
			isa = PBXGroup;
			children = (
				2EF3716C25A5ECAF007E564A /* RoundedButton.swift */,
			);
			path = CustomButton;
			sourceTree = "<group>";
		};
		2EF3717C25A737F5007E564A /* RegisterController */ = {
			isa = PBXGroup;
			children = (
				2EF3717D25A737FE007E564A /* Core */,
			);
			path = RegisterController;
			sourceTree = "<group>";
		};
		2EF3717D25A737FE007E564A /* Core */ = {
			isa = PBXGroup;
			children = (
				2EF3717E25A73811007E564A /* RegisterViewController.swift */,
				2EF3718225A73826007E564A /* RegisterViewModel.swift */,
			);
			path = Core;
			sourceTree = "<group>";
		};
		2EF3718825A75FE8007E564A /* ServicesAPI */ = {
			isa = PBXGroup;
			children = (
				2EBC734B25B42F540017D964 /* Endpoint */,
				2EF3718925A76013007E564A /* UserService.swift */,
				2EF3718E25A78FE6007E564A /* AuthService.swift */,
				2E540E2D25AF5A3400277BB8 /* ImageUploader.swift */,
				2E540E3025AF5CC000277BB8 /* CustomerService.swift */,
			);
			path = ServicesAPI;
			sourceTree = "<group>";
		};
		2EF3718D25A78F91007E564A /* Model */ = {
			isa = PBXGroup;
			children = (
				2EF36FC6258B894E007E564A /* User.swift */,
				2E540E3625B0814000277BB8 /* Customers.swift */,
			);
			path = Model;
			sourceTree = "<group>";
		};
		2EF3719125A79E41007E564A /* Authentication */ = {
			isa = PBXGroup;
			children = (
				2EF3719725A86432007E564A /* ResetPassword */,
				2EF3719225A79E81007E564A /* ViewModel */,
				2EF36F35258A4640007E564A /* LoginController */,
				2EF3717C25A737F5007E564A /* RegisterController */,
			);
			path = Authentication;
			sourceTree = "<group>";
		};
		2EF3719225A79E81007E564A /* ViewModel */ = {
			isa = PBXGroup;
			children = (
				2EF3719325A79E94007E564A /* AuthenticationViewModel.swift */,
			);
			path = ViewModel;
			sourceTree = "<group>";
		};
		2EF3719725A86432007E564A /* ResetPassword */ = {
			isa = PBXGroup;
			children = (
				2E540DDC25A8686200277BB8 /* ResetPasswordController.swift */,
				2E540DDF25A8689400277BB8 /* ResetPasswordViewModel.swift */,
			);
			path = ResetPassword;
			sourceTree = "<group>";
		};
		6254B5966A6DA0E5B1EF3EFA /* Frameworks */ = {
			isa = PBXGroup;
			children = (
				37563A5AC319DC9CBBE38087 /* Pods_FitnessWallet.framework */,
			);
			name = Frameworks;
			sourceTree = "<group>";
		};
/* End PBXGroup section */

/* Begin PBXNativeTarget section */
		2EF36EDA258A38CC007E564A /* FitnessWallet */ = {
			isa = PBXNativeTarget;
			buildConfigurationList = 2EF36EEF258A38D0007E564A /* Build configuration list for PBXNativeTarget "FitnessWallet" */;
			buildPhases = (
				FC0BB5331392DD54B8825B8C /* [CP] Check Pods Manifest.lock */,
				2EF36ED7258A38CC007E564A /* Sources */,
				2EF36ED8258A38CC007E564A /* Frameworks */,
				2EF36ED9258A38CC007E564A /* Resources */,
				830640594122D612CE7AD2F3 /* [CP] Embed Pods Frameworks */,
			);
			buildRules = (
			);
			dependencies = (
			);
			name = FitnessWallet;
			productName = FitnessWallet;
			productReference = 2EF36EDB258A38CC007E564A /* FitnessWallet.app */;
			productType = "com.apple.product-type.application";
		};
/* End PBXNativeTarget section */

/* Begin PBXProject section */
		2EF36ED3258A38CC007E564A /* Project object */ = {
			isa = PBXProject;
			attributes = {
				LastSwiftUpdateCheck = 1220;
				LastUpgradeCheck = 1220;
				TargetAttributes = {
					2EF36EDA258A38CC007E564A = {
						CreatedOnToolsVersion = 12.2;
					};
				};
			};
			buildConfigurationList = 2EF36ED6258A38CC007E564A /* Build configuration list for PBXProject "FitnessWallet" */;
			compatibilityVersion = "Xcode 9.3";
			developmentRegion = en;
			hasScannedForEncodings = 0;
			knownRegions = (
				en,
				Base,
			);
			mainGroup = 2EF36ED2258A38CB007E564A;
			productRefGroup = 2EF36EDC258A38CC007E564A /* Products */;
			projectDirPath = "";
			projectRoot = "";
			targets = (
				2EF36EDA258A38CC007E564A /* FitnessWallet */,
			);
		};
/* End PBXProject section */

/* Begin PBXResourcesBuildPhase section */
		2EF36ED9258A38CC007E564A /* Resources */ = {
			isa = PBXResourcesBuildPhase;
			buildActionMask = 2147483647;
			files = (
				2EF36EEB258A38D0007E564A /* LaunchScreen.storyboard in Resources */,
				2EF36EE8258A38D0007E564A /* Assets.xcassets in Resources */,
				2EF3718625A756ED007E564A /* GoogleService-Info.plist in Resources */,
			);
			runOnlyForDeploymentPostprocessing = 0;
		};
/* End PBXResourcesBuildPhase section */

/* Begin PBXShellScriptBuildPhase section */
		830640594122D612CE7AD2F3 /* [CP] Embed Pods Frameworks */ = {
			isa = PBXShellScriptBuildPhase;
			buildActionMask = 2147483647;
			files = (
			);
			inputFileListPaths = (
				"${PODS_ROOT}/Target Support Files/Pods-FitnessWallet/Pods-FitnessWallet-frameworks-${CONFIGURATION}-input-files.xcfilelist",
			);
			name = "[CP] Embed Pods Frameworks";
			outputFileListPaths = (
				"${PODS_ROOT}/Target Support Files/Pods-FitnessWallet/Pods-FitnessWallet-frameworks-${CONFIGURATION}-output-files.xcfilelist",
			);
			runOnlyForDeploymentPostprocessing = 0;
			shellPath = /bin/sh;
			shellScript = "\"${PODS_ROOT}/Target Support Files/Pods-FitnessWallet/Pods-FitnessWallet-frameworks.sh\"\n";
			showEnvVarsInLog = 0;
		};
		FC0BB5331392DD54B8825B8C /* [CP] Check Pods Manifest.lock */ = {
			isa = PBXShellScriptBuildPhase;
			buildActionMask = 2147483647;
			files = (
			);
			inputFileListPaths = (
			);
			inputPaths = (
				"${PODS_PODFILE_DIR_PATH}/Podfile.lock",
				"${PODS_ROOT}/Manifest.lock",
			);
			name = "[CP] Check Pods Manifest.lock";
			outputFileListPaths = (
			);
			outputPaths = (
				"$(DERIVED_FILE_DIR)/Pods-FitnessWallet-checkManifestLockResult.txt",
			);
			runOnlyForDeploymentPostprocessing = 0;
			shellPath = /bin/sh;
			shellScript = "diff \"${PODS_PODFILE_DIR_PATH}/Podfile.lock\" \"${PODS_ROOT}/Manifest.lock\" > /dev/null\nif [ $? != 0 ] ; then\n    # print error to STDERR\n    echo \"error: The sandbox is not in sync with the Podfile.lock. Run 'pod install' or update your CocoaPods installation.\" >&2\n    exit 1\nfi\n# This output is used by Xcode 'outputs' to avoid re-running this script phase.\necho \"SUCCESS\" > \"${SCRIPT_OUTPUT_FILE_0}\"\n";
			showEnvVarsInLog = 0;
		};
/* End PBXShellScriptBuildPhase section */

/* Begin PBXSourcesBuildPhase section */
		2EF36ED7258A38CC007E564A /* Sources */ = {
			isa = PBXSourcesBuildPhase;
			buildActionMask = 2147483647;
			files = (
				2EF3717825A5FB3E007E564A /* StringLocalized.swift in Sources */,
				2EF3718F25A78FE6007E564A /* AuthService.swift in Sources */,
				2EF36F38258A4668007E564A /* LoginViewController.swift in Sources */,
				2EF36F5B258A9A52007E564A /* MainViewController.swift in Sources */,
				2EF3717525A5F9A0007E564A /* UIButtonExtension.swift in Sources */,
				2EF36FB0258B6B38007E564A /* TableViewDataSource.swift in Sources */,
				2EBC736725B6F8A00017D964 /* DataSource.swift in Sources */,
				2EF36F78258B4DEB007E564A /* ProfileViewController.swift in Sources */,
				2EF36F88258B529D007E564A /* TrainingController.swift in Sources */,
				2EF36FDD258BAF9F007E564A /* UIFontExtension.swift in Sources */,
				2EBC737125B732DE0017D964 /* ItemFeedViewController.swift in Sources */,
				2EF36EE3258A38CC007E564A /* ViewController.swift in Sources */,
				2EF36F6D258B44F1007E564A /* TabBarController.swift in Sources */,
				2EF36F50258A9764007E564A /* LoginCoordinator.swift in Sources */,
				2EF3716925A5AE86007E564A /* Asset.swift in Sources */,
				2EF3715D25A5A58C007E564A /* InputView.swift in Sources */,
				2EF36F94258B53B3007E564A /* NotificationCoordinator.swift in Sources */,
				2E540E1225AB1A0800277BB8 /* DataItem.swift in Sources */,
				2EF36F97258B53BE007E564A /* ProfileCoordinator.swift in Sources */,
				2EF36EDF258A38CC007E564A /* AppDelegate.swift in Sources */,
				2EF36F92258B53A5007E564A /* TrainingCoordinator.swift in Sources */,
				2EF36F30258A4587007E564A /* ApplicationCoordinator.swift in Sources */,
				2EF36F66258A9E99007E564A /* TabBarNavigationController.swift in Sources */,
				2EF3715925A4B33E007E564A /* SectionHeaderView.swift in Sources */,
				2EF3714A25A4A4F6007E564A /* LayoutManager.swift in Sources */,
				2E540E1925AC6CE800277BB8 /* CustomersCell.swift in Sources */,
				2EF36FC0258B8883007E564A /* ExercisesCell.swift in Sources */,
				2EF36F3B258A46F6007E564A /* LoginViewModel.swift in Sources */,
				2EF36FCA258B8E29007E564A /* UICollectionViewExtension.swift in Sources */,
				2E540E2625AC847D00277BB8 /* AddClientViewModel.swift in Sources */,
				2E540E3425B0639200277BB8 /* UIViewControllerExtension.swift in Sources */,
				2EF36FB6258B75BF007E564A /* UITableViewExtension.swift in Sources */,
				2EF36FB3258B7286007E564A /* CollectionExtension.swift in Sources */,
				2E540DF925AAFCDA00277BB8 /* BorderLayerDelegate.swift in Sources */,
				2EF3718A25A76014007E564A /* UserService.swift in Sources */,
				2EF36FC7258B894E007E564A /* User.swift in Sources */,
				2EF36FAD258B6AE1007E564A /* DataSourceSectionView.swift in Sources */,
				2E540E0B25AB18CC00277BB8 /* Customer.swift in Sources */,
				2EBC736525B6F8970017D964 /* Items.swift in Sources */,
				2EF36FA7258B6A44007E564A /* DataSourceSection.swift in Sources */,
				2EF36F6A258A9F1A007E564A /* TabBarItem.swift in Sources */,
				2EF3718325A73826007E564A /* RegisterViewModel.swift in Sources */,
				2E540E0825AB184800277BB8 /* Exercise.swift in Sources */,
				2EF36F8C258B52C3007E564A /* TrainingViewModel.swift in Sources */,
				2E540DE025A8689400277BB8 /* ResetPasswordViewModel.swift in Sources */,
				2EBC734E25B42FEC0017D964 /* Endpoint.swift in Sources */,
				2EF36FC3258B88C6007E564A /* MagicNumber.swift in Sources */,
				2E540DFD25AAFE8F00277BB8 /* NumberLabelDescriptionView.swift in Sources */,
				2EF36FE1258BB4FF007E564A /* CustomImage.swift in Sources */,
				2EF36F84258B4EE3007E564A /* NotificationViewModel.swift in Sources */,
				2EF36FD2258B9076007E564A /* CollectionHeaderDataSource.swift in Sources */,
				2EBC736125B6F8820017D964 /* Category.swift in Sources */,
				2EF36F5E258A9A5C007E564A /* MainViewModel.swift in Sources */,
				2EF3717F25A73813007E564A /* RegisterViewController.swift in Sources */,
				2EF36EE1258A38CC007E564A /* SceneDelegate.swift in Sources */,
				2EF3716025A5A788007E564A /* CustomText.swift in Sources */,
				2EF3716625A5AAFE007E564A /* StringExtension.swift in Sources */,
				2EF36F53258A9831007E564A /* LoginNavigationController.swift in Sources */,
				2E540DE425A9DC1B00277BB8 /* InformationAlertControllerViewModel.swift in Sources */,
				2EF36F81258B4EC5007E564A /* NotificationController.swift in Sources */,
				2EF36F70258B477A007E564A /* TabBarViewModel.swift in Sources */,
				2EF3715225A4ACBD007E564A /* CustomerBackgroundDecoration.swift in Sources */,
				2EF36F56258A9868007E564A /* BaseNavigationController.swift in Sources */,
				2EF36F7C258B4E2B007E564A /* ProfileViewModel.swift in Sources */,
				2E540DDD25A8686300277BB8 /* ResetPasswordController.swift in Sources */,
				2E540E0125AB0ABA00277BB8 /* ConfirmationAlert.swift in Sources */,
				2E540DF625AAFC8600277BB8 /* BorderLayer.swift in Sources */,
				2E540E0E25AB19AC00277BB8 /* Section.swift in Sources */,
				2E540E3725B0814500277BB8 /* Customers.swift in Sources */,
				2E540E3125AF5CC100277BB8 /* CustomerService.swift in Sources */,
				2EF36FD5258B908F007E564A /* CollectionCellDataSource.swift in Sources */,
				2EF3719425A79E95007E564A /* AuthenticationViewModel.swift in Sources */,
				2E540E2A25AC8D1400277BB8 /* InputTextView.swift in Sources */,
				2EF36FB9258B7632007E564A /* Identifiable.swift in Sources */,
				2EF36FAA258B6A96007E564A /* DataSourceCell.swift in Sources */,
				2EF36FBC258B8683007E564A /* UIViewExtension.swift in Sources */,
				2EF36FD9258BABBA007E564A /* CustomLabel.swift in Sources */,
				2EF36F8F258B539C007E564A /* FeedCoordinator.swift in Sources */,
				2EBC736B25B72F940017D964 /* AddItemViewController.swift in Sources */,
				2EF36F61258A9E16007E564A /* MainCoordinator.swift in Sources */,
				2EF36FA3258B69F5007E564A /* DataSourceIdentifiable.swift in Sources */,
				2E540DE825A9E6B000277BB8 /* InformationAlertController.swift in Sources */,
				2E540E1525AB1A6300277BB8 /* Remaining.swift in Sources */,
				2E540E1C25AC722B00277BB8 /* RemainingCell.swift in Sources */,
				2EF3716325A5A802007E564A /* UIColorExtension.swift in Sources */,
				2EBC735925B56AC30017D964 /* MainDataSourceItem.swift in Sources */,
				2EF3716D25A5ECB0007E564A /* RoundedButton.swift in Sources */,
				2E540E2E25AF5A3A00277BB8 /* ImageUploader.swift in Sources */,
				2E540DF125AAF98500277BB8 /* CustomImageAlert.swift in Sources */,
				2E540DEC25AAF55A00277BB8 /* LoginInformationAlert.swift in Sources */,
				2EF3717125A5F61A007E564A /* LayerExtensionShadow.swift in Sources */,
				2E540E0525AB119400277BB8 /* AlertServices.swift in Sources */,
				2EBC735D25B58C710017D964 /* MainDataSourceSection.swift in Sources */,
				2EF36FCE258B9044007E564A /* CollectionViewDataSource.swift in Sources */,
				2E540E2225AC841900277BB8 /* AddClientController.swift in Sources */,
			);
			runOnlyForDeploymentPostprocessing = 0;
		};
/* End PBXSourcesBuildPhase section */

/* Begin PBXVariantGroup section */
		2EF36EE9258A38D0007E564A /* LaunchScreen.storyboard */ = {
			isa = PBXVariantGroup;
			children = (
				2EF36EEA258A38D0007E564A /* Base */,
			);
			name = LaunchScreen.storyboard;
			sourceTree = "<group>";
		};
/* End PBXVariantGroup section */

/* Begin XCBuildConfiguration section */
		2EF36EED258A38D0007E564A /* Debug */ = {
			isa = XCBuildConfiguration;
			buildSettings = {
				ALWAYS_SEARCH_USER_PATHS = NO;
				CLANG_ANALYZER_NONNULL = YES;
				CLANG_ANALYZER_NUMBER_OBJECT_CONVERSION = YES_AGGRESSIVE;
				CLANG_CXX_LANGUAGE_STANDARD = "gnu++14";
				CLANG_CXX_LIBRARY = "libc++";
				CLANG_ENABLE_MODULES = YES;
				CLANG_ENABLE_OBJC_ARC = YES;
				CLANG_ENABLE_OBJC_WEAK = YES;
				CLANG_WARN_BLOCK_CAPTURE_AUTORELEASING = YES;
				CLANG_WARN_BOOL_CONVERSION = YES;
				CLANG_WARN_COMMA = YES;
				CLANG_WARN_CONSTANT_CONVERSION = YES;
				CLANG_WARN_DEPRECATED_OBJC_IMPLEMENTATIONS = YES;
				CLANG_WARN_DIRECT_OBJC_ISA_USAGE = YES_ERROR;
				CLANG_WARN_DOCUMENTATION_COMMENTS = YES;
				CLANG_WARN_EMPTY_BODY = YES;
				CLANG_WARN_ENUM_CONVERSION = YES;
				CLANG_WARN_INFINITE_RECURSION = YES;
				CLANG_WARN_INT_CONVERSION = YES;
				CLANG_WARN_NON_LITERAL_NULL_CONVERSION = YES;
				CLANG_WARN_OBJC_IMPLICIT_RETAIN_SELF = YES;
				CLANG_WARN_OBJC_LITERAL_CONVERSION = YES;
				CLANG_WARN_OBJC_ROOT_CLASS = YES_ERROR;
				CLANG_WARN_QUOTED_INCLUDE_IN_FRAMEWORK_HEADER = YES;
				CLANG_WARN_RANGE_LOOP_ANALYSIS = YES;
				CLANG_WARN_STRICT_PROTOTYPES = YES;
				CLANG_WARN_SUSPICIOUS_MOVE = YES;
				CLANG_WARN_UNGUARDED_AVAILABILITY = YES_AGGRESSIVE;
				CLANG_WARN_UNREACHABLE_CODE = YES;
				CLANG_WARN__DUPLICATE_METHOD_MATCH = YES;
				COPY_PHASE_STRIP = NO;
				DEBUG_INFORMATION_FORMAT = dwarf;
				ENABLE_STRICT_OBJC_MSGSEND = YES;
				ENABLE_TESTABILITY = YES;
				GCC_C_LANGUAGE_STANDARD = gnu11;
				GCC_DYNAMIC_NO_PIC = NO;
				GCC_NO_COMMON_BLOCKS = YES;
				GCC_OPTIMIZATION_LEVEL = 0;
				GCC_PREPROCESSOR_DEFINITIONS = (
					"DEBUG=1",
					"$(inherited)",
				);
				GCC_WARN_64_TO_32_BIT_CONVERSION = YES;
				GCC_WARN_ABOUT_RETURN_TYPE = YES_ERROR;
				GCC_WARN_UNDECLARED_SELECTOR = YES;
				GCC_WARN_UNINITIALIZED_AUTOS = YES_AGGRESSIVE;
				GCC_WARN_UNUSED_FUNCTION = YES;
				GCC_WARN_UNUSED_VARIABLE = YES;
				IPHONEOS_DEPLOYMENT_TARGET = 14.2;
				MTL_ENABLE_DEBUG_INFO = INCLUDE_SOURCE;
				MTL_FAST_MATH = YES;
				ONLY_ACTIVE_ARCH = YES;
				SDKROOT = iphoneos;
				SWIFT_ACTIVE_COMPILATION_CONDITIONS = DEBUG;
				SWIFT_OPTIMIZATION_LEVEL = "-Onone";
			};
			name = Debug;
		};
		2EF36EEE258A38D0007E564A /* Release */ = {
			isa = XCBuildConfiguration;
			buildSettings = {
				ALWAYS_SEARCH_USER_PATHS = NO;
				CLANG_ANALYZER_NONNULL = YES;
				CLANG_ANALYZER_NUMBER_OBJECT_CONVERSION = YES_AGGRESSIVE;
				CLANG_CXX_LANGUAGE_STANDARD = "gnu++14";
				CLANG_CXX_LIBRARY = "libc++";
				CLANG_ENABLE_MODULES = YES;
				CLANG_ENABLE_OBJC_ARC = YES;
				CLANG_ENABLE_OBJC_WEAK = YES;
				CLANG_WARN_BLOCK_CAPTURE_AUTORELEASING = YES;
				CLANG_WARN_BOOL_CONVERSION = YES;
				CLANG_WARN_COMMA = YES;
				CLANG_WARN_CONSTANT_CONVERSION = YES;
				CLANG_WARN_DEPRECATED_OBJC_IMPLEMENTATIONS = YES;
				CLANG_WARN_DIRECT_OBJC_ISA_USAGE = YES_ERROR;
				CLANG_WARN_DOCUMENTATION_COMMENTS = YES;
				CLANG_WARN_EMPTY_BODY = YES;
				CLANG_WARN_ENUM_CONVERSION = YES;
				CLANG_WARN_INFINITE_RECURSION = YES;
				CLANG_WARN_INT_CONVERSION = YES;
				CLANG_WARN_NON_LITERAL_NULL_CONVERSION = YES;
				CLANG_WARN_OBJC_IMPLICIT_RETAIN_SELF = YES;
				CLANG_WARN_OBJC_LITERAL_CONVERSION = YES;
				CLANG_WARN_OBJC_ROOT_CLASS = YES_ERROR;
				CLANG_WARN_QUOTED_INCLUDE_IN_FRAMEWORK_HEADER = YES;
				CLANG_WARN_RANGE_LOOP_ANALYSIS = YES;
				CLANG_WARN_STRICT_PROTOTYPES = YES;
				CLANG_WARN_SUSPICIOUS_MOVE = YES;
				CLANG_WARN_UNGUARDED_AVAILABILITY = YES_AGGRESSIVE;
				CLANG_WARN_UNREACHABLE_CODE = YES;
				CLANG_WARN__DUPLICATE_METHOD_MATCH = YES;
				COPY_PHASE_STRIP = NO;
				DEBUG_INFORMATION_FORMAT = "dwarf-with-dsym";
				ENABLE_NS_ASSERTIONS = NO;
				ENABLE_STRICT_OBJC_MSGSEND = YES;
				GCC_C_LANGUAGE_STANDARD = gnu11;
				GCC_NO_COMMON_BLOCKS = YES;
				GCC_WARN_64_TO_32_BIT_CONVERSION = YES;
				GCC_WARN_ABOUT_RETURN_TYPE = YES_ERROR;
				GCC_WARN_UNDECLARED_SELECTOR = YES;
				GCC_WARN_UNINITIALIZED_AUTOS = YES_AGGRESSIVE;
				GCC_WARN_UNUSED_FUNCTION = YES;
				GCC_WARN_UNUSED_VARIABLE = YES;
				IPHONEOS_DEPLOYMENT_TARGET = 14.2;
				MTL_ENABLE_DEBUG_INFO = NO;
				MTL_FAST_MATH = YES;
				SDKROOT = iphoneos;
				SWIFT_COMPILATION_MODE = wholemodule;
				SWIFT_OPTIMIZATION_LEVEL = "-O";
				VALIDATE_PRODUCT = YES;
			};
			name = Release;
		};
		2EF36EF0258A38D0007E564A /* Debug */ = {
			isa = XCBuildConfiguration;
			baseConfigurationReference = 40E3B11B096C51AEABCF5476 /* Pods-FitnessWallet.debug.xcconfig */;
			buildSettings = {
				ASSETCATALOG_COMPILER_APPICON_NAME = AppIcon;
				ASSETCATALOG_COMPILER_GLOBAL_ACCENT_COLOR_NAME = AccentColor;
				CODE_SIGN_STYLE = Automatic;
				DEVELOPMENT_TEAM = S9DK5UPJ7X;
				INFOPLIST_FILE = FitnessWallet/Info.plist;
				LD_RUNPATH_SEARCH_PATHS = (
					"$(inherited)",
					"@executable_path/Frameworks",
				);
				PRODUCT_BUNDLE_IDENTIFIER = com.embarcadero.FitnessWallet;
				PRODUCT_NAME = "$(TARGET_NAME)";
				SWIFT_VERSION = 5.0;
				TARGETED_DEVICE_FAMILY = "1,2";
			};
			name = Debug;
		};
		2EF36EF1258A38D0007E564A /* Release */ = {
			isa = XCBuildConfiguration;
			baseConfigurationReference = EAFECF69BBCF91FA8DD5DC64 /* Pods-FitnessWallet.release.xcconfig */;
			buildSettings = {
				ASSETCATALOG_COMPILER_APPICON_NAME = AppIcon;
				ASSETCATALOG_COMPILER_GLOBAL_ACCENT_COLOR_NAME = AccentColor;
				CODE_SIGN_STYLE = Automatic;
				DEVELOPMENT_TEAM = S9DK5UPJ7X;
				INFOPLIST_FILE = FitnessWallet/Info.plist;
				LD_RUNPATH_SEARCH_PATHS = (
					"$(inherited)",
					"@executable_path/Frameworks",
				);
				PRODUCT_BUNDLE_IDENTIFIER = com.embarcadero.FitnessWallet;
				PRODUCT_NAME = "$(TARGET_NAME)";
				SWIFT_VERSION = 5.0;
				TARGETED_DEVICE_FAMILY = "1,2";
			};
			name = Release;
		};
/* End XCBuildConfiguration section */

/* Begin XCConfigurationList section */
		2EF36ED6258A38CC007E564A /* Build configuration list for PBXProject "FitnessWallet" */ = {
			isa = XCConfigurationList;
			buildConfigurations = (
				2EF36EED258A38D0007E564A /* Debug */,
				2EF36EEE258A38D0007E564A /* Release */,
			);
			defaultConfigurationIsVisible = 0;
			defaultConfigurationName = Release;
		};
		2EF36EEF258A38D0007E564A /* Build configuration list for PBXNativeTarget "FitnessWallet" */ = {
			isa = XCConfigurationList;
			buildConfigurations = (
				2EF36EF0258A38D0007E564A /* Debug */,
				2EF36EF1258A38D0007E564A /* Release */,
			);
			defaultConfigurationIsVisible = 0;
			defaultConfigurationName = Release;
		};
/* End XCConfigurationList section */
	};
	rootObject = 2EF36ED3258A38CC007E564A /* Project object */;
}
